
Microsoft Visual Studio Solution File, Format Version 12.00
# Visual Studio 15
VisualStudioVersion = 15.0.26124.0
MinimumVisualStudioVersion = 15.0.26124.0
Project("{FAE04EC0-301F-11D3-BF4B-00C04F79EFBC}") = "API", "API\API.csproj", "{45BD81AD-376A-49C4-A9CE-57735FD8D25E}"
EndProject
Project("{FAE04EC0-301F-11D3-BF4B-00C04F79EFBC}") = "Core", "Core\Core.csproj", "{63481616-3027-40B3-926D-5F282A2AFD02}"
EndProject
Project("{FAE04EC0-301F-11D3-BF4B-00C04F79EFBC}") = "Infrastructure", "Infrastructure\Infrastructure.csproj", "{88B5F581-82BD-4097-8FBA-D157C3DBBA78}"
EndProject
Global
	GlobalSection(SolutionConfigurationPlatforms) = preSolution
		Debug|Any CPU = Debug|Any CPU
		Debug|x64 = Debug|x64
		Debug|x86 = Debug|x86
		Release|Any CPU = Release|Any CPU
		Release|x64 = Release|x64
		Release|x86 = Release|x86
	EndGlobalSection
	GlobalSection(SolutionProperties) = preSolution
		HideSolutionNode = FALSE
	EndGlobalSection
	GlobalSection(ProjectConfigurationPlatforms) = postSolution
		{45BD81AD-376A-49C4-A9CE-57735FD8D25E}.Debug|Any CPU.ActiveCfg = Debug|Any CPU
		{45BD81AD-376A-49C4-A9CE-57735FD8D25E}.Debug|Any CPU.Build.0 = Debug|Any CPU
		{45BD81AD-376A-49C4-A9CE-57735FD8D25E}.Debug|x64.ActiveCfg = Debug|Any CPU
		{45BD81AD-376A-49C4-A9CE-57735FD8D25E}.Debug|x64.Build.0 = Debug|Any CPU
		{45BD81AD-376A-49C4-A9CE-57735FD8D25E}.Debug|x86.ActiveCfg = Debug|Any CPU
		{45BD81AD-376A-49C4-A9CE-57735FD8D25E}.Debug|x86.Build.0 = Debug|Any CPU
		{45BD81AD-376A-49C4-A9CE-57735FD8D25E}.Release|Any CPU.ActiveCfg = Release|Any CPU
		{45BD81AD-376A-49C4-A9CE-57735FD8D25E}.Release|Any CPU.Build.0 = Release|Any CPU
		{45BD81AD-376A-49C4-A9CE-57735FD8D25E}.Release|x64.ActiveCfg = Release|Any CPU
		{45BD81AD-376A-49C4-A9CE-57735FD8D25E}.Release|x64.Build.0 = Release|Any CPU
		{45BD81AD-376A-49C4-A9CE-57735FD8D25E}.Release|x86.ActiveCfg = Release|Any CPU
		{45BD81AD-376A-49C4-A9CE-57735FD8D25E}.Release|x86.Build.0 = Release|Any CPU
		{63481616-3027-40B3-926D-5F282A2AFD02}.Debug|Any CPU.ActiveCfg = Debug|Any CPU
		{63481616-3027-40B3-926D-5F282A2AFD02}.Debug|Any CPU.Build.0 = Debug|Any CPU
		{63481616-3027-40B3-926D-5F282A2AFD02}.Debug|x64.ActiveCfg = Debug|Any CPU
		{63481616-3027-40B3-926D-5F282A2AFD02}.Debug|x64.Build.0 = Debug|Any CPU
		{63481616-3027-40B3-926D-5F282A2AFD02}.Debug|x86.ActiveCfg = Debug|Any CPU
		{63481616-3027-40B3-926D-5F282A2AFD02}.Debug|x86.Build.0 = Debug|Any CPU
		{63481616-3027-40B3-926D-5F282A2AFD02}.Release|Any CPU.ActiveCfg = Release|Any CPU
		{63481616-3027-40B3-926D-5F282A2AFD02}.Release|Any CPU.Build.0 = Release|Any CPU
		{63481616-3027-40B3-926D-5F282A2AFD02}.Release|x64.ActiveCfg = Release|Any CPU
		{63481616-3027-40B3-926D-5F282A2AFD02}.Release|x64.Build.0 = Release|Any CPU
		{63481616-3027-40B3-926D-5F282A2AFD02}.Release|x86.ActiveCfg = Release|Any CPU
		{63481616-3027-40B3-926D-5F282A2AFD02}.Release|x86.Build.0 = Release|Any CPU
		{88B5F581-82BD-4097-8FBA-D157C3DBBA78}.Debug|Any CPU.ActiveCfg = Debug|Any CPU
		{88B5F581-82BD-4097-8FBA-D157C3DBBA78}.Debug|Any CPU.Build.0 = Debug|Any CPU
		{88B5F581-82BD-4097-8FBA-D157C3DBBA78}.Debug|x64.ActiveCfg = Debug|Any CPU
		{88B5F581-82BD-4097-8FBA-D157C3DBBA78}.Debug|x64.Build.0 = Debug|Any CPU
		{88B5F581-82BD-4097-8FBA-D157C3DBBA78}.Debug|x86.ActiveCfg = Debug|Any CPU
		{88B5F581-82BD-4097-8FBA-D157C3DBBA78}.Debug|x86.Build.0 = Debug|Any CPU
		{88B5F581-82BD-4097-8FBA-D157C3DBBA78}.Release|Any CPU.ActiveCfg = Release|Any CPU
		{88B5F581-82BD-4097-8FBA-D157C3DBBA78}.Release|Any CPU.Build.0 = Release|Any CPU
		{88B5F581-82BD-4097-8FBA-D157C3DBBA78}.Release|x64.ActiveCfg = Release|Any CPU
		{88B5F581-82BD-4097-8FBA-D157C3DBBA78}.Release|x64.Build.0 = Release|Any CPU
		{88B5F581-82BD-4097-8FBA-D157C3DBBA78}.Release|x86.ActiveCfg = Release|Any CPU
		{88B5F581-82BD-4097-8FBA-D157C3DBBA78}.Release|x86.Build.0 = Release|Any CPU
	EndGlobalSection
EndGlobal
